
Microsoft Visual Studio Solution File, Format Version 12.00
# Visual Studio Version 16
VisualStudioVersion = 16.0.30907.101
MinimumVisualStudioVersion = 10.0.40219.1
Project("{FAE04EC0-301F-11D3-BF4B-00C04F79EFBC}") = "Task.API", "Task.API\Task.API.csproj", "{49A6C477-173F-48FB-8E58-7BDC2EC75706}"
EndProject
Project("{FAE04EC0-301F-11D3-BF4B-00C04F79EFBC}") = "Task.BLL", "Task.BLL\Task.BLL.csproj", "{FDCA2921-9804-4AF7-A9C1-462BC8D9CA77}"
EndProject
Project("{FAE04EC0-301F-11D3-BF4B-00C04F79EFBC}") = "Task.DAL", "Task.DAL\Task.DAL.csproj", "{9834C5D5-F280-41F5-B5C7-9579BE7506E0}"
EndProject
Project("{FAE04EC0-301F-11D3-BF4B-00C04F79EFBC}") = "Task.Entity", "Task.Entity\Task.Entity.csproj", "{AAAEEAA5-360C-4484-ABB8-C255135F5110}"
EndProject
Project("{FAE04EC0-301F-11D3-BF4B-00C04F79EFBC}") = "Task.Repository", "Task.Repository\Task.Repository.csproj", "{DA7F7174-ADBB-4CC3-B537-8EB5F842034F}"
EndProject
Global
	GlobalSection(SolutionConfigurationPlatforms) = preSolution
		Debug|Any CPU = Debug|Any CPU
		Release|Any CPU = Release|Any CPU
	EndGlobalSection
	GlobalSection(ProjectConfigurationPlatforms) = postSolution
		{49A6C477-173F-48FB-8E58-7BDC2EC75706}.Debug|Any CPU.ActiveCfg = Debug|Any CPU
		{49A6C477-173F-48FB-8E58-7BDC2EC75706}.Debug|Any CPU.Build.0 = Debug|Any CPU
		{49A6C477-173F-48FB-8E58-7BDC2EC75706}.Release|Any CPU.ActiveCfg = Release|Any CPU
		{49A6C477-173F-48FB-8E58-7BDC2EC75706}.Release|Any CPU.Build.0 = Release|Any CPU
		{FDCA2921-9804-4AF7-A9C1-462BC8D9CA77}.Debug|Any CPU.ActiveCfg = Debug|Any CPU
		{FDCA2921-9804-4AF7-A9C1-462BC8D9CA77}.Debug|Any CPU.Build.0 = Debug|Any CPU
		{FDCA2921-9804-4AF7-A9C1-462BC8D9CA77}.Release|Any CPU.ActiveCfg = Release|Any CPU
		{FDCA2921-9804-4AF7-A9C1-462BC8D9CA77}.Release|Any CPU.Build.0 = Release|Any CPU
		{9834C5D5-F280-41F5-B5C7-9579BE7506E0}.Debug|Any CPU.ActiveCfg = Debug|Any CPU
		{9834C5D5-F280-41F5-B5C7-9579BE7506E0}.Debug|Any CPU.Build.0 = Debug|Any CPU
		{9834C5D5-F280-41F5-B5C7-9579BE7506E0}.Release|Any CPU.ActiveCfg = Release|Any CPU
		{9834C5D5-F280-41F5-B5C7-9579BE7506E0}.Release|Any CPU.Build.0 = Release|Any CPU
		{AAAEEAA5-360C-4484-ABB8-C255135F5110}.Debug|Any CPU.ActiveCfg = Debug|Any CPU
		{AAAEEAA5-360C-4484-ABB8-C255135F5110}.Debug|Any CPU.Build.0 = Debug|Any CPU
		{AAAEEAA5-360C-4484-ABB8-C255135F5110}.Release|Any CPU.ActiveCfg = Release|Any CPU
		{AAAEEAA5-360C-4484-ABB8-C255135F5110}.Release|Any CPU.Build.0 = Release|Any CPU
		{DA7F7174-ADBB-4CC3-B537-8EB5F842034F}.Debug|Any CPU.ActiveCfg = Debug|Any CPU
		{DA7F7174-ADBB-4CC3-B537-8EB5F842034F}.Debug|Any CPU.Build.0 = Debug|Any CPU
		{DA7F7174-ADBB-4CC3-B537-8EB5F842034F}.Release|Any CPU.ActiveCfg = Release|Any CPU
		{DA7F7174-ADBB-4CC3-B537-8EB5F842034F}.Release|Any CPU.Build.0 = Release|Any CPU
	EndGlobalSection
	GlobalSection(SolutionProperties) = preSolution
		HideSolutionNode = FALSE
	EndGlobalSection
	GlobalSection(ExtensibilityGlobals) = postSolution
		SolutionGuid = {13D68F1A-5662-4610-902F-5AEE2E652FEB}
	EndGlobalSection
EndGlobal
